alembic==1.20.0 \
    --hash=sha256:77eb101048d95f982c0353e9233404889dcd7a6fc244c107836c0e2fc9cf7d9d \
    --hash=sha256:db505480647bc60386c5369402f4a57a506b7539c9e9ef5e270d45cbbe4939bf
    # via fraudguard
annotated-doc==0.0.5 \
    --hash=sha256:117bac03a25ede5df5440e855b32d556049ca169ead221505badf432fed4b101 \
    --hash=sha256:c7e58ce09192557605d8bbd92836d7e1d520ac9580096042c0bfd197efacf1bb
    # via fastapi
annotated-types==0.8.0 \
    --hash=sha256:13b2beaad985e05e2d6407ee4c4f35590b11f8d693a258a561055cac8f64cab7 \
    --hash=sha256:f072f4d804ea359e4eaf198b1af7a8b0943881a87f31bb764f8bf219bb9419e0
    # via pydantic
anyio==4.15.1 \
    --hash=sha256:6152fdbbf9a77fdec97731721bebf7c4c44f7c29b424b0065826173efc7ed101 \
    --hash=sha256:9f28306018cbd6d329e64a36d58256edff76dd996fe423bc957326e578b82a94
    # via starlette
click==8.5.0 \
    --hash=sha256:255bc9599cf7748b4b1a446ccc735421bd08a2ae529a8b88597d3de5664ee360 \
    --hash=sha256:ba0d2089de75ea0310e2dde03160e6ca10009947fb95a182f9b54021bb272e34
    # via uvicorn
fastapi==0.141.1 \
    --hash=sha256:bfb91aa2d334c61cb35ba9a116fc123b3d3df31640b801cf57a7a78ec3f603b3 \
    --hash=sha256:e8822fc40db1e1858054d7a949a888695bc9bdce70139178e33bd2871a453ca1
    # via fraudguard
greenlet==3.5.5 ; platform_machine == 'AMD64' or platform_machine == 'WIN32' or platform_machine == 'aarch64' or platform_machine == 'amd64' or platform_machine == 'ppc64le' or platform_machine == 'win32' or platform_machine == 'x86_64' \
    --hash=sha256:03115c2e0a371999bf8ae616aa8d653f96641d4705c457aebaa187276e9f7537 \
    --hash=sha256:12e2ee66c2aba86133f10fd99d6a8856c6d351ffb7be0e4d52ef2cc5fbb705b2 \
    --hash=sha256:147b25a42e5ca5be3d42356e8f608b37af715a1c196e9bf9d1627f3341adfe1d \
    --hash=sha256:1af90aa4bc129883b340cdd6957a3bc74f60528a4993bbd1f53aaebe1d9981cc \
    --hash=sha256:27493374cff1d1b7919dc8126547f2aea582737e3046147b434b1e12de56389b \
    --hash=sha256:2eabb980975cba5b93a95f6f69287d05fc05ac955bfd6a320a7c083eeb52c0b0 \
    --hash=sha256:4441153ffba21b90d3ca89fe3d31f5c093ae6c0bf0cfdfc98f54cde22f95b62e \
    --hash=sha256:49520f0c95a48b42cf55414b8e8479beb274ea70431afc33e3f79903c71f4380 \
    --hash=sha256:499adea519f748407fc6806d20eedabac2884fd73b9f38d81236e190ba20dfef \
    --hash=sha256:49ddacd36af37735fab103846f4ee4d18a492dde72730d1699c0c8ebe30d9f18 \
    --hash=sha256:55272212cbc5f43d1d723725ab931f1939969b7e9523882ca58b55061769d053 \
    --hash=sha256:5f1b1ff4828cdc1aba4266aff814085d04a1d07959287219af021b838b265d52 \
    --hash=sha256:634cf15a233a949136879dd388e25d3296e16f3f1e217d2456797b8579ebc6ed \
    --hash=sha256:655bca754a2ef4efcb0eb48a94d3f4593536d0f3d48f8ed44343c01d16a92f95 \
    --hash=sha256:95c5b1f4b3a193f8a0c2de4bfdcb48d119f7f1063941f1de1f2168051b3e52dd \
    --hash=sha256:adb4bae02e91a8e863e48b177e4014bdcac8a6b5e047ea1df687a61534b85e6c \
    --hash=sha256:b79fd2a5bc099b5e744f34c4c9a58954a5f4cb7529fb4b6e8446057d61b6edaa
    # via sqlalchemy
h11==0.16.0 \
    --hash=sha256:4e35b956cf45792e4caa5885e69fba00bdbc6ffafbfa020300e549b208ee5ff1 \
    --hash=sha256:63cf8bbe7522de3bf65932fda1d9c2772064ffb3dae62d55932da54b31cb6c86
    # via uvicorn
idna==3.19 \
    --hash=sha256:5e0811a4383b21dc5838069f801c4fb62113b7447663d2530d2bd6e77b49bf15 \
    --hash=sha256:815e7be7a7806d54abb586dc943addc79e8b2ee16915059658cbeff4b1b43bf4
    # via anyio
mako==1.4.1 \
    --hash=sha256:a359d9a94a541213958742b2698d0a7757bb83551767bc468a74b9905aba9617 \
    --hash=sha256:d7904710b662996425a21627710c4777c45053146942cf8a7aebf757c92b8c27
    # via alembic
markupsafe==3.0.3 \
    --hash=sha256:116bb52f642a37c115f517494ea5feb03889e04df47eeff5b130b1808ce7c219 \
    --hash=sha256:12c63dfb4a98206f045aa9563db46507995f7ef6d83b2f68eda65c307c6829eb \
    --hash=sha256:133a43e73a802c5562be9bbcd03d090aa5a1fe899db609c29e8c8d815c5f6de6 \
    --hash=sha256:1872df69a4de6aead3491198eaf13810b565bdbeec3ae2dc8780f14458ec73ce \
    --hash=sha256:1b4b79e8ebf6b55351f0d91fe80f893b4743f104bff22e90697db1590e47a218 \
    --hash=sha256:218551f6df4868a8d527e3062d0fb968682fe92054e89978594c28e642c43a73 \
    --hash=sha256:26a5784ded40c9e318cfc2bdb30fe164bdb8665ded9cd64d500a34fb42067b1c \
    --hash=sha256:3524b778fe5cfb3452a09d31e7b5adefeea8c5be1d43c4f810ba09f2ceb29d37 \
    --hash=sha256:35add3b638a5d900e807944a078b51922212fb3dedb01633a8defc4b01a3c85f \
    --hash=sha256:3a7e8ae81ae39e62a41ec302f972ba6ae23a5c5396c8e60113e9066ef893da0d \
    --hash=sha256:4e885a3d1efa2eadc93c894a21770e4bc67899e3543680313b09f139e149ab19 \
    --hash=sha256:509fa21c6deb7a7a273d629cf5ec029bc209d1a51178615ddf718f5918992ab9 \
    --hash=sha256:69c0b73548bc525c8cb9a251cddf1931d1db4d2258e9599c28c07ef3580ef354 \
    --hash=sha256:722695808f4b6457b320fdc131280796bdceb04ab50fe1795cd540799ebe1698 \
    --hash=sha256:77f0643abe7495da77fb436f50f8dab76dbc6e5fd25d39589a0f1fe6548bfa2b \
    --hash=sha256:795e7751525cae078558e679d646ae45574b47ed6e7771863fcc079a6171a0fc \
    --hash=sha256:7e68f88e5b8799aa49c85cd116c932a1ac15caaa3f5db09087854d218359e485 \
    --hash=sha256:83891d0e9fb81a825d9a6d61e3f07550ca70a076484292a70fde82c4b807286f \
    --hash=sha256:8485f406a96febb5140bfeca44a73e3ce5116b2501ac54fe953e488fb1d03b12 \
    --hash=sha256:8709b08f4a89aa7586de0aadc8da56180242ee0ada3999749b183aa23df95025 \
    --hash=sha256:8f71bc33915be5186016f675cd83a1e08523649b0e33efdb898db577ef5bb009 \
    --hash=sha256:94c6f0bb423f739146aec64595853541634bde58b2135f27f61c1ffd1cd4d16a \
    --hash=sha256:9a1abfdc021a164803f4d485104931fb8f8c1efd55bc6b748d2f5774e78b62c5 \
    --hash=sha256:9b79b7a16f7fedff2495d684f2b59b0457c3b493778c9eed31111be64d58279f \
    --hash=sha256:a4afe79fb3de0b7097d81da19090f4df4f8d3a2b3adaa8764138aac2e44f3af1 \
    --hash=sha256:ad2cf8aa28b8c020ab2fc8287b0f823d0a7d8630784c31e9ee5edea20f406287 \
    --hash=sha256:b8512a91625c9b3da6f127803b166b629725e68af71f8184ae7e7d54686a56d6 \
    --hash=sha256:bdd37121970bfd8be76c5fb069c7751683bdf373db1ed6c010162b2a130248ed \
    --hash=sha256:be8813b57049a7dc738189df53d69395eba14fb99345e0a5994914a3864c8a4b \
    --hash=sha256:ccfcd093f13f0f0b7fdd0f198b90053bf7b2f02a3927a30e63f3ccc9df56b676 \
    --hash=sha256:d53197da72cc091b024dd97249dfc7794d6a56530370992a5e1a08983ad9230e \
    --hash=sha256:d6dd0be5b5b189d31db7cda48b91d7e0a9795f31430b7f271219ab30f1d3ac9d \
    --hash=sha256:d88b440e37a16e651bda4c7c2b930eb586fd15ca7406cb39e211fcff3bf3017d \
    --hash=sha256:e1cf1972137e83c5d4c136c43ced9ac51d0e124706ee1c8aa8532c1287fa8795
    # via mako
prometheus-client==0.26.0 \
    --hash=sha256:04a91bcf94e2cf74a44a1a874d651a2e853ed354b6e822f3b7487751465d5c2b \
    --hash=sha256:fa93d06737aa02bacd05794768508bb97d2fbee28cb3bca04eaae92f0ca953d6
    # via fraudguard
psycopg==3.3.5 \
    --hash=sha256:ce5aa5cdb4f9379f00f487590e5890bfa7df9a164648c969ffa628505e21af4e \
    --hash=sha256:d0a3d9ccf5788af054cbd745278cb02401b5c312aeaafbf2c6144460aec47da4
    # via fraudguard
psycopg-binary==3.3.5 ; implementation_name != 'pypy' \
    --hash=sha256:0249c3e960cdee686000eb77169fb6590105c05bacc37e057ccdffdcd8e6ebde \
    --hash=sha256:19e5bf9872dbd164c220567fd385ba2309c7d9df1541f78343510c6b0f36a1b7 \
    --hash=sha256:1ef2e498be47800f6202b9a2304c22646325ca6d54001b7c785bcfdb24a1e8ab \
    --hash=sha256:2111f880add40fb03c60556069ad68e884a0908a74d2debafc603caf93b73552 \
    --hash=sha256:25105f9b46bdf2a30fcb67f56976ed66f6855941ae16bc024192609b917d493c \
    --hash=sha256:358748fc4c8ccdc0e2bdf55420494930e19c3ade586ea9c3a6de3dad1f897311 \
    --hash=sha256:35885e333020fc152d27bea1a494bef13b2e68f6fd92b6229015e93539152008 \
    --hash=sha256:40505676b1526b9ea387dace034040a8c8b0bcf984cd6bd4720a2ab15e813586 \
    --hash=sha256:5698ab5941a4d138c30fef858588e651fe7d583280cd6e41832825ad9e747750 \
    --hash=sha256:5816472e3bb05615f33a741e0835043d1f4bf9709ff30d2f4aed71815cfc6b5e \
    --hash=sha256:682a17a57415c3ca1731eec018ed031f012ffcb81ba74806eb219cb396065672 \
    --hash=sha256:6e85d50b87257fb117675a19ee59daa7bf9a57f6431500adf7059df799232ef4 \
    --hash=sha256:88e01aa2e938a45655a8a5213fc3a44ba78cb4cab8a569b3e0bcb3d1d0eaba16 \
    --hash=sha256:ba466011569297114449df9d523438e1adeedf3e4f31ffb78e897ec3fef3076b \
    --hash=sha256:c065531e8c1815276f50dbfa283e3a7f022671414cdda6fa9a16794dd53b28f9 \
    --hash=sha256:c09775c549b40b274206e1b043c5e5b5af39666e85c98382a30bd05d23ab677b \
    --hash=sha256:cb3b3bffebfe07110730626e76238161124f35ac87b748d663316a28d22f58b0 \
    --hash=sha256:cf0e5e63ee86098299c673992053d556c489ba9ae6aca6cb6e24d16a8e0b09e6 \
    --hash=sha256:d2a61e8147902771df7efe14062a3c8736347850d0d8befcf048235752504f2e \
    --hash=sha256:df9853b832b7b916e02ef68e0d5403a7dab2d5c1ddfe94f22b1b155eb862622f \
    --hash=sha256:e5becd311f9af8d180bad372f51fb2252fd02cb2073056e2b170c9274f95fe7f \
    --hash=sha256:f7e1e45aad410e20de45df2b159df68ff6c8dbf47a3501f806c4489b27f4ad2b
    # via psycopg
pydantic==2.13.5 \
    --hash=sha256:346a034f080da3755d8e9cb5e00e8b07de1d39e4f6e2c87d8ab7cafa0b269a73 \
    --hash=sha256:51a9c5f7b2f8e636f04c6cada605d9b6a3bf1348fdf945a3d8869b19bba0ee08
    # via
    #   fastapi
    #   fraudguard
    #   pydantic-settings
pydantic-core==2.46.5 \
    --hash=sha256:013d6f3483d81e02e7c328831808f336c8596ee33b4bd4026b9ffb1e960b8942 \
    --hash=sha256:0fc5be0abd4a407e200d844b404e33639a554e7bd0d448e7b9ae181be4789ac2 \
    --hash=sha256:10416c15b8839ecc4ef4d0885da76da6fd0f67333a0eb8aff6d93c4b8f2910fc \
    --hash=sha256:15f4a94963c95accac15b7b657bb177d3ad82bb90b0d0526d9a9b85079925db5 \
    --hash=sha256:18a09e1e1011b462f2e32774f25859ef1223d5c2b0546a633cf56654710721e0 \
    --hash=sha256:193375f3548919d3f0b60936ca113ada3e38f264f91b9b8e0508efaad57be931 \
    --hash=sha256:24922243639cbdac66c75fcb6fd6495a9cb52b213d62f9a0d16f0310b1ff8038 \
    --hash=sha256:2bc9419666990c06d7397831f2126a1ecc3594aaa3ff7de5bf2d066802f4e07b \
    --hash=sha256:347ec774390c87326a2e4929d58d3f7e8763a104d5d35f4cd595a4c952366433 \
    --hash=sha256:4fdc8b93a41521988916eeaa271173fcca7fa0803d62f87675aac8dcec1c8e29 \
    --hash=sha256:5cb482e9e84c851f4e623fe4acc1ced89168cf1fe18f7089db4548c8f5bbb65b \
    --hash=sha256:5e81740c09e310f5aa5cbd3e434a01c154d4bef93241c7877b39f211d2b78ba8 \
    --hash=sha256:5ee239d575f80b08eca11f6e20f90c4c695de7825c67eefe6091fbf20dda648e \
    --hash=sha256:6f7b393a8b3da82f5c1fc0751e6d01ac6c55b93c18226a60bdfba4a724efafd1 \
    --hash=sha256:79bdfa52f843137045b2d081cc05c120ba6665d29b7559c2c47690906f39279f \
    --hash=sha256:7ac031912d54f3d83ef3b3eb98dfabc1608802e2202263d25957eeed40b94761 \
    --hash=sha256:816ff0a6550ffc06c098ccd2e0698600f9aa7da192a79eaa6f9af504a35db869 \
    --hash=sha256:837b396ca3d7b74091ca623f6cbd8351bd42d670a79c2683e79fb089f06a2de5 \
    --hash=sha256:8e24d8f05fa2d28513d94e877e9c75ad66175376209b3977f916e240e623193c \
    --hash=sha256:97bf8de4d541598c94a59344eeb988a94c08ff76b5723c41f6567ec18c7892ea \
    --hash=sha256:9c4b71f10dd532fb7a5cbc8f58707779e64f03a258c2bf8bfbaecfcd9970b519 \
    --hash=sha256:a39ac25a9a2fa4072efdb429833c4a4c8009a51ff9eea3eeae131713cd27991e \
    --hash=sha256:b7ca9034437b6022f941f4857459562ee00a560b97e7cce8a0ec5a74fc6766e0 \
    --hash=sha256:b98134087d9de723658d17a42c7d0da8d6e2ef08015dee7dc93889047315f5e4 \
    --hash=sha256:b9fe6fb92520e3fd61f2e49000b6911b188824f089b75973ea06d6267f0b476d \
    --hash=sha256:c76fe65e607be28c7fd4d56fc3c42b1583aa058ce3408b7ad0fd540171d31f9f \
    --hash=sha256:c7ea57fc63aa7da93a1bd2d644e6577befae10c52c4e36377635eea1056a74f5 \
    --hash=sha256:d22a945598fb91236b4dd793a6e42e4f3dd7740bb5aace5ebd7d4c08d13bb575 \
    --hash=sha256:d925f3d9afd05a8c0fb3a1031463a8d59ebe5e2afad297e29c78be19e13b4e62 \
    --hash=sha256:e652ab17569c94bff5475520f907b7148b8c24036a8ebbe5cf7cf7493d28579a \
    --hash=sha256:e80675d75ae2cd14372cb65cad5400d9347a3d3f6c13000183f22dfd027283ed \
    --hash=sha256:e9c134bb666dd54b778b9fc0d2b50cbb7f979b9e3716f26a88c9ab3b6fc1dd0f \
    --hash=sha256:efd62a42486f1bda5d24cb4f63d15a3c7768375fe83d36f9417b4ad7a2fb20b3 \
    --hash=sha256:f332f0e72a5a0400141f830744e141bf9f97917878dbe968669e8a7fefea78ff \
    --hash=sha256:f7b0ec93a2893de856652154d73b7ba622f26fa97726487dcac373de5f4c6084
    # via pydantic
pydantic-settings==2.15.0 \
    --hash=sha256:0ba092c291c94baceb5eff768aa0d56400a457585bc0175925a5a5510303da42 \
    --hash=sha256:694b793e84f766ba76a90ebdefc01d0a9a045dab0382bee70393da93712ad117
    # via fraudguard
python-dotenv==1.2.3 \
    --hash=sha256:904552145e8bfed22162c09dab1c2b9b54fefa7b23ba780f4f26ca0316b0f0d9 \
    --hash=sha256:a20a594dabeaa385725aa239d5244871c143ecb356add8a20fcf23773a6c3a35
    # via pydantic-settings
redis==6.4.0 \
    --hash=sha256:b01bc7282b8444e28ec36b261df5375183bb47a07eb9c603f284e89cbc5ef010 \
    --hash=sha256:f0544fa9604264e9464cdf4814e7d4830f74b165d52f2a330a760a88dd248b7f
    # via fraudguard
sqlalchemy==2.0.52 \
    --hash=sha256:1b2d9e507a458832adcfbd8af6e2036ddf069b7710b799448542ebccae2dceee \
    --hash=sha256:2d5e53e36e37129fe0be8b9d08b6e4052c10a963ee6cda56c8c10dcc194b99ca \
    --hash=sha256:2eb3c6a64b1bfe6704777cfd504e7b8ad093a5f3e03ce67663a5e6742f294e43 \
    --hash=sha256:37a4d548327b6cab9c7d8cdb4e0e82feabee0110c4d150059068e2d1cfbd99ee \
    --hash=sha256:3b81b8363a919ce53453591cdb93702e6bd54ade6c4fa2f468fc053baee5ed89 \
    --hash=sha256:5e2d46356ac2ccb7d268ab6c2319ac6a2b42f1b8d5fd8bd3d46855cd82abee97 \
    --hash=sha256:651d6d8782e80679e6151707c7b490834d46ada526328895abf567f25e63d29c \
    --hash=sha256:8738008376d22f30f411ea3efecf39b51110b6996d80bb73786f30bcfdd5fd3b \
    --hash=sha256:923bb183c1dc64fdf7b717965e3d59938ec4f8b8710b419a21ce403e5da9a9e1 \
    --hash=sha256:9876b09b9f1ce7398b0ffece585c0a911244c53191187341f6bcae640e133751 \
    --hash=sha256:ab66fa9618269390d4dfa222f2f2f88f7bc4bf5da13905131b818217db7e8057 \
    --hash=sha256:afda3ec521d0517d0de783fc70030775841900896d832de5bbd066549290470e \
    --hash=sha256:b08cddb8989775e3c88799d86704bdfc3ee6e9846118201aa5997f16f27e3a15 \
    --hash=sha256:be8c49131665dfe2cc74c498aa1240ffb548d0fd901325dd11c2c7a18956f727 \
    --hash=sha256:c63bda077685c85ca513286547a531ba57e7a68cf0a7ed3bafcc2bbd18896f4d \
    --hash=sha256:e49f51a5d59857a7a0dcaf9469febf7197d9394bd88f00d69c2c4e848112cdbf
    # via
    #   alembic
    #   fraudguard
starlette==1.6.0 \
    --hash=sha256:a86dd39d14bb45f85a3d18525215a9ef0cfd1f192ac793220e72598c90335f0c \
    --hash=sha256:d4e3ac5e546444960c710297a3c9fc3f7ebae1b7e963f3d36173b49da535be9b
    # via fastapi
typing-extensions==4.16.0 \
    --hash=sha256:481caa481374e813c1b176ada14e97f1f67a4539ce9cfeb3f350d78d6370c2e8 \
    --hash=sha256:dc983d19a509c94dba722ee6abd33940f7c05a89e243c47e907eb4db6f1a43e5
    # via
    #   alembic
    #   anyio
    #   fastapi
    #   psycopg
    #   pydantic
    #   pydantic-core
    #   sqlalchemy
    #   starlette
    #   typing-inspection
typing-inspection==0.4.4 \
    --hash=sha256:547274fa6b0a561ccf549cc9524b999a578e737d015d8709d021f9d0d13bea47 \
    --hash=sha256:65b8397ba37ccbce054456aaccddfc91e6e3083c92824df348d96ca832f3f147
    # via
    #   fastapi
    #   pydantic
    #   pydantic-settings
tzdata==2026.4 ; sys_platform == 'win32' \
    --hash=sha256:c2169a8b0a7a5e9674da5a135ccdfb2b3e671b333ed9fed17b41f73c34476e81 \
    --hash=sha256:f1b8bd365d8d210c55353f4d7f8d6d8561c0ba50d704b700d195a9424bba0d79
    # via psycopg
uvicorn==0.53.0 \
    --hash=sha256:a9356f0cb89b3b8621529c5d5eebd69bfe154f4c3f68b4cf2de47e45fa855c2e \
    --hash=sha256:e8dca71ec86dce5f04e333f0d56cdedf942446e6643b9cea1af0d6d3a02cb03e
    # via fraudguard
